// !$*UTF8*$!
{
	archiveVersion = 1;
	classes = {
	};
	objectVersion = 56;
	objects = {

/* Begin PBXBuildFile section */
		32766D342B00F52500407847 /* AldebaranApp.swift in Sources */ = {isa = PBXBuildFile; fileRef = 32766D332B00F52500407847 /* AldebaranApp.swift */; };
		32766D362B00F52500407847 /* ContentView.swift in Sources */ = {isa = PBXBuildFile; fileRef = 32766D352B00F52500407847 /* ContentView.swift */; };
		32766D382B00F52B00407847 /* Assets.xcassets in Resources */ = {isa = PBXBuildFile; fileRef = 32766D372B00F52B00407847 /* Assets.xcassets */; };
		32766D3B2B00F52B00407847 /* Preview Assets.xcassets in Resources */ = {isa = PBXBuildFile; fileRef = 32766D3A2B00F52B00407847 /* Preview Assets.xcassets */; };
		32766D4B2B00F6CD00407847 /* ViewModel.swift in Sources */ = {isa = PBXBuildFile; fileRef = 32766D4A2B00F6CD00407847 /* ViewModel.swift */; };
		32766D4D2B00F6E000407847 /* NetworkManager.swift in Sources */ = {isa = PBXBuildFile; fileRef = 32766D4C2B00F6E000407847 /* NetworkManager.swift */; };
		32766D4F2B00F6E900407847 /* Data.swift in Sources */ = {isa = PBXBuildFile; fileRef = 32766D4E2B00F6E900407847 /* Data.swift */; };
		32766D512B00F6F400407847 /* Ex+Color.swift in Sources */ = {isa = PBXBuildFile; fileRef = 32766D502B00F6F400407847 /* Ex+Color.swift */; };
		32766D532B00F70000407847 /* Model.swift in Sources */ = {isa = PBXBuildFile; fileRef = 32766D522B00F70000407847 /* Model.swift */; };
		32766D5B2B00F76600407847 /* MainView.swift in Sources */ = {isa = PBXBuildFile; fileRef = 32766D5A2B00F76600407847 /* MainView.swift */; };
		32766D5D2B00F79D00407847 /* PreviewCardView.swift in Sources */ = {isa = PBXBuildFile; fileRef = 32766D5C2B00F79D00407847 /* PreviewCardView.swift */; };
		32766D5F2B00F7AC00407847 /* PartnersView.swift in Sources */ = {isa = PBXBuildFile; fileRef = 32766D5E2B00F7AC00407847 /* PartnersView.swift */; };
		32766D612B00F7C600407847 /* ShowAllPartnersButton.swift in Sources */ = {isa = PBXBuildFile; fileRef = 32766D602B00F7C600407847 /* ShowAllPartnersButton.swift */; };
		32766D632B00F7D800407847 /* SearchFilterBar.swift in Sources */ = {isa = PBXBuildFile; fileRef = 32766D622B00F7D800407847 /* SearchFilterBar.swift */; };
		32766D652B00F7EE00407847 /* PartnerView.swift in Sources */ = {isa = PBXBuildFile; fileRef = 32766D642B00F7EE00407847 /* PartnerView.swift */; };
		32766D672B00F80000407847 /* MainPictureView.swift in Sources */ = {isa = PBXBuildFile; fileRef = 32766D662B00F80000407847 /* MainPictureView.swift */; };
		32766D692B00F80D00407847 /* AboutView.swift in Sources */ = {isa = PBXBuildFile; fileRef = 32766D682B00F80D00407847 /* AboutView.swift */; };
		32766D6B2B00F81D00407847 /* ProjectsView.swift in Sources */ = {isa = PBXBuildFile; fileRef = 32766D6A2B00F81D00407847 /* ProjectsView.swift */; };
		32766D6D2B00F82C00407847 /* OptionView.swift in Sources */ = {isa = PBXBuildFile; fileRef = 32766D6C2B00F82C00407847 /* OptionView.swift */; };
		32766D6F2B00F91D00407847 /* BottomStaticPanel.swift in Sources */ = {isa = PBXBuildFile; fileRef = 32766D6E2B00F91D00407847 /* BottomStaticPanel.swift */; };
		32766D712B00F92F00407847 /* ProjectView.swift in Sources */ = {isa = PBXBuildFile; fileRef = 32766D702B00F92F00407847 /* ProjectView.swift */; };
		32766D732B00F94300407847 /* GridView.swift in Sources */ = {isa = PBXBuildFile; fileRef = 32766D722B00F94300407847 /* GridView.swift */; };
		32766D752B00F94D00407847 /* PostCardView.swift in Sources */ = {isa = PBXBuildFile; fileRef = 32766D742B00F94D00407847 /* PostCardView.swift */; };
		32766D772B00F95C00407847 /* ProjectOptionView.swift in Sources */ = {isa = PBXBuildFile; fileRef = 32766D762B00F95C00407847 /* ProjectOptionView.swift */; };
/* End PBXBuildFile section */

/* Begin PBXFileReference section */
		32766D302B00F52500407847 /* Aldebaran.app */ = {isa = PBXFileReference; explicitFileType = wrapper.application; includeInIndex = 0; path = Aldebaran.app; sourceTree = BUILT_PRODUCTS_DIR; };
		32766D332B00F52500407847 /* AldebaranApp.swift */ = {isa = PBXFileReference; lastKnownFileType = sourcecode.swift; path = AldebaranApp.swift; sourceTree = "<group>"; };
		32766D352B00F52500407847 /* ContentView.swift */ = {isa = PBXFileReference; lastKnownFileType = sourcecode.swift; path = ContentView.swift; sourceTree = "<group>"; };
		32766D372B00F52B00407847 /* Assets.xcassets */ = {isa = PBXFileReference; lastKnownFileType = folder.assetcatalog; path = Assets.xcassets; sourceTree = "<group>"; };
		32766D3A2B00F52B00407847 /* Preview Assets.xcassets */ = {isa = PBXFileReference; lastKnownFileType = folder.assetcatalog; path = "Preview Assets.xcassets"; sourceTree = "<group>"; };
		32766D4A2B00F6CD00407847 /* ViewModel.swift */ = {isa = PBXFileReference; lastKnownFileType = sourcecode.swift; path = ViewModel.swift; sourceTree = "<group>"; };
		32766D4C2B00F6E000407847 /* NetworkManager.swift */ = {isa = PBXFileReference; lastKnownFileType = sourcecode.swift; path = NetworkManager.swift; sourceTree = "<group>"; };
		32766D4E2B00F6E900407847 /* Data.swift */ = {isa = PBXFileReference; lastKnownFileType = sourcecode.swift; path = Data.swift; sourceTree = "<group>"; };
		32766D502B00F6F400407847 /* Ex+Color.swift */ = {isa = PBXFileReference; lastKnownFileType = sourcecode.swift; path = "Ex+Color.swift"; sourceTree = "<group>"; };
		32766D522B00F70000407847 /* Model.swift */ = {isa = PBXFileReference; lastKnownFileType = sourcecode.swift; path = Model.swift; sourceTree = "<group>"; };
		32766D5A2B00F76600407847 /* MainView.swift */ = {isa = PBXFileReference; lastKnownFileType = sourcecode.swift; path = MainView.swift; sourceTree = "<group>"; };
		32766D5C2B00F79D00407847 /* PreviewCardView.swift */ = {isa = PBXFileReference; lastKnownFileType = sourcecode.swift; path = PreviewCardView.swift; sourceTree = "<group>"; };
		32766D5E2B00F7AC00407847 /* PartnersView.swift */ = {isa = PBXFileReference; lastKnownFileType = sourcecode.swift; path = PartnersView.swift; sourceTree = "<group>"; };
		32766D602B00F7C600407847 /* ShowAllPartnersButton.swift */ = {isa = PBXFileReference; lastKnownFileType = sourcecode.swift; path = ShowAllPartnersButton.swift; sourceTree = "<group>"; };
		32766D622B00F7D800407847 /* SearchFilterBar.swift */ = {isa = PBXFileReference; lastKnownFileType = sourcecode.swift; path = SearchFilterBar.swift; sourceTree = "<group>"; };
		32766D642B00F7EE00407847 /* PartnerView.swift */ = {isa = PBXFileReference; lastKnownFileType = sourcecode.swift; path = PartnerView.swift; sourceTree = "<group>"; };
		32766D662B00F80000407847 /* MainPictureView.swift */ = {isa = PBXFileReference; lastKnownFileType = sourcecode.swift; path = MainPictureView.swift; sourceTree = "<group>"; };
		32766D682B00F80D00407847 /* AboutView.swift */ = {isa = PBXFileReference; lastKnownFileType = sourcecode.swift; path = AboutView.swift; sourceTree = "<group>"; };
		32766D6A2B00F81D00407847 /* ProjectsView.swift */ = {isa = PBXFileReference; lastKnownFileType = sourcecode.swift; path = ProjectsView.swift; sourceTree = "<group>"; };
		32766D6C2B00F82C00407847 /* OptionView.swift */ = {isa = PBXFileReference; lastKnownFileType = sourcecode.swift; path = OptionView.swift; sourceTree = "<group>"; };
		32766D6E2B00F91D00407847 /* BottomStaticPanel.swift */ = {isa = PBXFileReference; lastKnownFileType = sourcecode.swift; path = BottomStaticPanel.swift; sourceTree = "<group>"; };
		32766D702B00F92F00407847 /* ProjectView.swift */ = {isa = PBXFileReference; lastKnownFileType = sourcecode.swift; path = ProjectView.swift; sourceTree = "<group>"; };
		32766D722B00F94300407847 /* GridView.swift */ = {isa = PBXFileReference; lastKnownFileType = sourcecode.swift; path = GridView.swift; sourceTree = "<group>"; };
		32766D742B00F94D00407847 /* PostCardView.swift */ = {isa = PBXFileReference; lastKnownFileType = sourcecode.swift; path = PostCardView.swift; sourceTree = "<group>"; };
		32766D762B00F95C00407847 /* ProjectOptionView.swift */ = {isa = PBXFileReference; lastKnownFileType = sourcecode.swift; path = ProjectOptionView.swift; sourceTree = "<group>"; };
/* End PBXFileReference section */

/* Begin PBXFrameworksBuildPhase section */
		32766D2D2B00F52500407847 /* Frameworks */ = {
			isa = PBXFrameworksBuildPhase;
			buildActionMask = 2147483647;
			files = (
			);
			runOnlyForDeploymentPostprocessing = 0;
		};
/* End PBXFrameworksBuildPhase section */

/* Begin PBXGroup section */
		32766D272B00F52500407847 = {
			isa = PBXGroup;
			children = (
				32766D322B00F52500407847 /* Aldebaran */,
				32766D312B00F52500407847 /* Products */,
			);
			sourceTree = "<group>";
		};
		32766D312B00F52500407847 /* Products */ = {
			isa = PBXGroup;
			children = (
				32766D302B00F52500407847 /* Aldebaran.app */,
			);
			name = Products;
			sourceTree = "<group>";
		};
		32766D322B00F52500407847 /* Aldebaran */ = {
			isa = PBXGroup;
			children = (
				32766D332B00F52500407847 /* AldebaranApp.swift */,
				32766D352B00F52500407847 /* ContentView.swift */,
				32766D412B00F5BC00407847 /* Screens */,
				32766D452B00F63100407847 /* ViewModel */,
				32766D462B00F63800407847 /* Model */,
				32766D472B00F63E00407847 /* Data */,
				32766D482B00F68400407847 /* Network */,
				32766D492B00F68F00407847 /* Extensions */,
				32766D372B00F52B00407847 /* Assets.xcassets */,
				32766D392B00F52B00407847 /* Preview Content */,
			);
			path = Aldebaran;
			sourceTree = "<group>";
		};
		32766D392B00F52B00407847 /* Preview Content */ = {
			isa = PBXGroup;
			children = (
				32766D3A2B00F52B00407847 /* Preview Assets.xcassets */,
			);
			path = "Preview Content";
			sourceTree = "<group>";
		};
		32766D412B00F5BC00407847 /* Screens */ = {
			isa = PBXGroup;
			children = (
				32766D422B00F5CB00407847 /* Main */,
				32766D432B00F5DF00407847 /* Partner */,
				32766D442B00F61100407847 /* Project */,
			);
			path = Screens;
			sourceTree = "<group>";
		};
		32766D422B00F5CB00407847 /* Main */ = {
			isa = PBXGroup;
			children = (
				32766D552B00F74300407847 /* View */,
				32766D542B00F72F00407847 /* Components */,
			);
			path = Main;
			sourceTree = "<group>";
		};
		32766D432B00F5DF00407847 /* Partner */ = {
			isa = PBXGroup;
			children = (
				32766D572B00F75500407847 /* View */,
				32766D562B00F75500407847 /* Components */,
			);
			path = Partner;
			sourceTree = "<group>";
		};
		32766D442B00F61100407847 /* Project */ = {
			isa = PBXGroup;
			children = (
				32766D582B00F75800407847 /* View */,
				32766D592B00F75800407847 /* Components */,
			);
			path = Project;
			sourceTree = "<group>";
		};
		32766D452B00F63100407847 /* ViewModel */ = {
			isa = PBXGroup;
			children = (
				32766D4A2B00F6CD00407847 /* ViewModel.swift */,
			);
			path = ViewModel;
			sourceTree = "<group>";
		};
		32766D462B00F63800407847 /* Model */ = {
			isa = PBXGroup;
			children = (
				32766D522B00F70000407847 /* Model.swift */,
			);
			path = Model;
			sourceTree = "<group>";
		};
		32766D472B00F63E00407847 /* Data */ = {
			isa = PBXGroup;
			children = (
				32766D4E2B00F6E900407847 /* Data.swift */,
			);
			path = Data;
			sourceTree = "<group>";
		};
		32766D482B00F68400407847 /* Network */ = {
			isa = PBXGroup;
			children = (
				32766D4C2B00F6E000407847 /* NetworkManager.swift */,
			);
			path = Network;
			sourceTree = "<group>";
		};
		32766D492B00F68F00407847 /* Extensions */ = {
			isa = PBXGroup;
			children = (
				32766D502B00F6F400407847 /* Ex+Color.swift */,
			);
			path = Extensions;
			sourceTree = "<group>";
		};
		32766D542B00F72F00407847 /* Components */ = {
			isa = PBXGroup;
			children = (
				32766D5C2B00F79D00407847 /* PreviewCardView.swift */,
				32766D5E2B00F7AC00407847 /* PartnersView.swift */,
				32766D602B00F7C600407847 /* ShowAllPartnersButton.swift */,
				32766D622B00F7D800407847 /* SearchFilterBar.swift */,
			);
			path = Components;
			sourceTree = "<group>";
		};
		32766D552B00F74300407847 /* View */ = {
			isa = PBXGroup;
			children = (
				32766D5A2B00F76600407847 /* MainView.swift */,
			);
			path = View;
			sourceTree = "<group>";
		};
		32766D562B00F75500407847 /* Components */ = {
			isa = PBXGroup;
			children = (
				32766D662B00F80000407847 /* MainPictureView.swift */,
				32766D682B00F80D00407847 /* AboutView.swift */,
				32766D6A2B00F81D00407847 /* ProjectsView.swift */,
				32766D6C2B00F82C00407847 /* OptionView.swift */,
				32766D6E2B00F91D00407847 /* BottomStaticPanel.swift */,
			);
			path = Components;
			sourceTree = "<group>";
		};
		32766D572B00F75500407847 /* View */ = {
			isa = PBXGroup;
			children = (
				32766D642B00F7EE00407847 /* PartnerView.swift */,
			);
			path = View;
			sourceTree = "<group>";
		};
		32766D582B00F75800407847 /* View */ = {
			isa = PBXGroup;
			children = (
				32766D702B00F92F00407847 /* ProjectView.swift */,
			);
			path = View;
			sourceTree = "<group>";
		};
		32766D592B00F75800407847 /* Components */ = {
			isa = PBXGroup;
			children = (
				32766D722B00F94300407847 /* GridView.swift */,
				32766D742B00F94D00407847 /* PostCardView.swift */,
				32766D762B00F95C00407847 /* ProjectOptionView.swift */,
			);
			path = Components;
			sourceTree = "<group>";
		};
/* End PBXGroup section */

/* Begin PBXNativeTarget section */
		32766D2F2B00F52500407847 /* Aldebaran */ = {
			isa = PBXNativeTarget;
			buildConfigurationList = 32766D3E2B00F52B00407847 /* Build configuration list for PBXNativeTarget "Aldebaran" */;
			buildPhases = (
				32766D2C2B00F52500407847 /* Sources */,
				32766D2D2B00F52500407847 /* Frameworks */,
				32766D2E2B00F52500407847 /* Resources */,
			);
			buildRules = (
			);
			dependencies = (
			);
			name = Aldebaran;
			productName = Aldebaran;
			productReference = 32766D302B00F52500407847 /* Aldebaran.app */;
			productType = "com.apple.product-type.application";
		};
/* End PBXNativeTarget section */

/* Begin PBXProject section */
		32766D282B00F52500407847 /* Project object */ = {
			isa = PBXProject;
			attributes = {
				BuildIndependentTargetsInParallel = 1;
				LastSwiftUpdateCheck = 1430;
				LastUpgradeCheck = 1430;
				TargetAttributes = {
					32766D2F2B00F52500407847 = {
						CreatedOnToolsVersion = 14.3.1;
					};
				};
			};
			buildConfigurationList = 32766D2B2B00F52500407847 /* Build configuration list for PBXProject "Aldebaran" */;
			compatibilityVersion = "Xcode 14.0";
			developmentRegion = en;
			hasScannedForEncodings = 0;
			knownRegions = (
				en,
				Base,
			);
			mainGroup = 32766D272B00F52500407847;
			productRefGroup = 32766D312B00F52500407847 /* Products */;
			projectDirPath = "";
			projectRoot = "";
			targets = (
				32766D2F2B00F52500407847 /* Aldebaran */,
			);
		};
/* End PBXProject section */

/* Begin PBXResourcesBuildPhase section */
		32766D2E2B00F52500407847 /* Resources */ = {
			isa = PBXResourcesBuildPhase;
			buildActionMask = 2147483647;
			files = (
				32766D3B2B00F52B00407847 /* Preview Assets.xcassets in Resources */,
				32766D382B00F52B00407847 /* Assets.xcassets in Resources */,
			);
			runOnlyForDeploymentPostprocessing = 0;
		};
/* End PBXResourcesBuildPhase section */

/* Begin PBXSourcesBuildPhase section */
		32766D2C2B00F52500407847 /* Sources */ = {
			isa = PBXSourcesBuildPhase;
			buildActionMask = 2147483647;
			files = (
				32766D532B00F70000407847 /* Model.swift in Sources */,
				32766D5D2B00F79D00407847 /* PreviewCardView.swift in Sources */,
				32766D6B2B00F81D00407847 /* ProjectsView.swift in Sources */,
				32766D5B2B00F76600407847 /* MainView.swift in Sources */,
				32766D4D2B00F6E000407847 /* NetworkManager.swift in Sources */,
				32766D692B00F80D00407847 /* AboutView.swift in Sources */,
				32766D712B00F92F00407847 /* ProjectView.swift in Sources */,
				32766D6D2B00F82C00407847 /* OptionView.swift in Sources */,
				32766D4F2B00F6E900407847 /* Data.swift in Sources */,
				32766D5F2B00F7AC00407847 /* PartnersView.swift in Sources */,
				32766D612B00F7C600407847 /* ShowAllPartnersButton.swift in Sources */,
				32766D362B00F52500407847 /* ContentView.swift in Sources */,
				32766D752B00F94D00407847 /* PostCardView.swift in Sources */,
				32766D4B2B00F6CD00407847 /* ViewModel.swift in Sources */,
				32766D632B00F7D800407847 /* SearchFilterBar.swift in Sources */,
				32766D672B00F80000407847 /* MainPictureView.swift in Sources */,
				32766D512B00F6F400407847 /* Ex+Color.swift in Sources */,
				32766D772B00F95C00407847 /* ProjectOptionView.swift in Sources */,
				32766D652B00F7EE00407847 /* PartnerView.swift in Sources */,
				32766D342B00F52500407847 /* AldebaranApp.swift in Sources */,
				32766D732B00F94300407847 /* GridView.swift in Sources */,
				32766D6F2B00F91D00407847 /* BottomStaticPanel.swift in Sources */,
			);
			runOnlyForDeploymentPostprocessing = 0;
		};
/* End PBXSourcesBuildPhase section */

/* Begin XCBuildConfiguration section */
		32766D3C2B00F52B00407847 /* Debug */ = {
			isa = XCBuildConfiguration;
			buildSettings = {
				ALWAYS_SEARCH_USER_PATHS = NO;
				CLANG_ANALYZER_NONNULL = YES;
				CLANG_ANALYZER_NUMBER_OBJECT_CONVERSION = YES_AGGRESSIVE;
				CLANG_CXX_LANGUAGE_STANDARD = "gnu++20";
				CLANG_ENABLE_MODULES = YES;
				CLANG_ENABLE_OBJC_ARC = YES;
				CLANG_ENABLE_OBJC_WEAK = YES;
				CLANG_WARN_BLOCK_CAPTURE_AUTORELEASING = YES;
				CLANG_WARN_BOOL_CONVERSION = YES;
				CLANG_WARN_COMMA = YES;
				CLANG_WARN_CONSTANT_CONVERSION = YES;
				CLANG_WARN_DEPRECATED_OBJC_IMPLEMENTATIONS = YES;
				CLANG_WARN_DIRECT_OBJC_ISA_USAGE = YES_ERROR;
				CLANG_WARN_DOCUMENTATION_COMMENTS = YES;
				CLANG_WARN_EMPTY_BODY = YES;
				CLANG_WARN_ENUM_CONVERSION = YES;
				CLANG_WARN_INFINITE_RECURSION = YES;
				CLANG_WARN_INT_CONVERSION = YES;
				CLANG_WARN_NON_LITERAL_NULL_CONVERSION = YES;
				CLANG_WARN_OBJC_IMPLICIT_RETAIN_SELF = YES;
				CLANG_WARN_OBJC_LITERAL_CONVERSION = YES;
				CLANG_WARN_OBJC_ROOT_CLASS = YES_ERROR;
				CLANG_WARN_QUOTED_INCLUDE_IN_FRAMEWORK_HEADER = YES;
				CLANG_WARN_RANGE_LOOP_ANALYSIS = YES;
				CLANG_WARN_STRICT_PROTOTYPES = YES;
				CLANG_WARN_SUSPICIOUS_MOVE = YES;
				CLANG_WARN_UNGUARDED_AVAILABILITY = YES_AGGRESSIVE;
				CLANG_WARN_UNREACHABLE_CODE = YES;
				CLANG_WARN__DUPLICATE_METHOD_MATCH = YES;
				COPY_PHASE_STRIP = NO;
				DEBUG_INFORMATION_FORMAT = dwarf;
				ENABLE_STRICT_OBJC_MSGSEND = YES;
				ENABLE_TESTABILITY = YES;
				GCC_C_LANGUAGE_STANDARD = gnu11;
				GCC_DYNAMIC_NO_PIC = NO;
				GCC_NO_COMMON_BLOCKS = YES;
				GCC_OPTIMIZATION_LEVEL = 0;
				GCC_PREPROCESSOR_DEFINITIONS = (
					"DEBUG=1",
					"$(inherited)",
				);
				GCC_WARN_64_TO_32_BIT_CONVERSION = YES;
				GCC_WARN_ABOUT_RETURN_TYPE = YES_ERROR;
				GCC_WARN_UNDECLARED_SELECTOR = YES;
				GCC_WARN_UNINITIALIZED_AUTOS = YES_AGGRESSIVE;
				GCC_WARN_UNUSED_FUNCTION = YES;
				GCC_WARN_UNUSED_VARIABLE = YES;
				IPHONEOS_DEPLOYMENT_TARGET = 16.4;
				MTL_ENABLE_DEBUG_INFO = INCLUDE_SOURCE;
				MTL_FAST_MATH = YES;
				ONLY_ACTIVE_ARCH = YES;
				SDKROOT = iphoneos;
				SWIFT_ACTIVE_COMPILATION_CONDITIONS = DEBUG;
				SWIFT_OPTIMIZATION_LEVEL = "-Onone";
			};
			name = Debug;
		};
		32766D3D2B00F52B00407847 /* Release */ = {
			isa = XCBuildConfiguration;
			buildSettings = {
				ALWAYS_SEARCH_USER_PATHS = NO;
				CLANG_ANALYZER_NONNULL = YES;
				CLANG_ANALYZER_NUMBER_OBJECT_CONVERSION = YES_AGGRESSIVE;
				CLANG_CXX_LANGUAGE_STANDARD = "gnu++20";
				CLANG_ENABLE_MODULES = YES;
				CLANG_ENABLE_OBJC_ARC = YES;
				CLANG_ENABLE_OBJC_WEAK = YES;
				CLANG_WARN_BLOCK_CAPTURE_AUTORELEASING = YES;
				CLANG_WARN_BOOL_CONVERSION = YES;
				CLANG_WARN_COMMA = YES;
				CLANG_WARN_CONSTANT_CONVERSION = YES;
				CLANG_WARN_DEPRECATED_OBJC_IMPLEMENTATIONS = YES;
				CLANG_WARN_DIRECT_OBJC_ISA_USAGE = YES_ERROR;
				CLANG_WARN_DOCUMENTATION_COMMENTS = YES;
				CLANG_WARN_EMPTY_BODY = YES;
				CLANG_WARN_ENUM_CONVERSION = YES;
				CLANG_WARN_INFINITE_RECURSION = YES;
				CLANG_WARN_INT_CONVERSION = YES;
				CLANG_WARN_NON_LITERAL_NULL_CONVERSION = YES;
				CLANG_WARN_OBJC_IMPLICIT_RETAIN_SELF = YES;
				CLANG_WARN_OBJC_LITERAL_CONVERSION = YES;
				CLANG_WARN_OBJC_ROOT_CLASS = YES_ERROR;
				CLANG_WARN_QUOTED_INCLUDE_IN_FRAMEWORK_HEADER = YES;
				CLANG_WARN_RANGE_LOOP_ANALYSIS = YES;
				CLANG_WARN_STRICT_PROTOTYPES = YES;
				CLANG_WARN_SUSPICIOUS_MOVE = YES;
				CLANG_WARN_UNGUARDED_AVAILABILITY = YES_AGGRESSIVE;
				CLANG_WARN_UNREACHABLE_CODE = YES;
				CLANG_WARN__DUPLICATE_METHOD_MATCH = YES;
				COPY_PHASE_STRIP = NO;
				DEBUG_INFORMATION_FORMAT = "dwarf-with-dsym";
				ENABLE_NS_ASSERTIONS = NO;
				ENABLE_STRICT_OBJC_MSGSEND = YES;
				GCC_C_LANGUAGE_STANDARD = gnu11;
				GCC_NO_COMMON_BLOCKS = YES;
				GCC_WARN_64_TO_32_BIT_CONVERSION = YES;
				GCC_WARN_ABOUT_RETURN_TYPE = YES_ERROR;
				GCC_WARN_UNDECLARED_SELECTOR = YES;
				GCC_WARN_UNINITIALIZED_AUTOS = YES_AGGRESSIVE;
				GCC_WARN_UNUSED_FUNCTION = YES;
				GCC_WARN_UNUSED_VARIABLE = YES;
				IPHONEOS_DEPLOYMENT_TARGET = 16.4;
				MTL_ENABLE_DEBUG_INFO = NO;
				MTL_FAST_MATH = YES;
				SDKROOT = iphoneos;
				SWIFT_COMPILATION_MODE = wholemodule;
				SWIFT_OPTIMIZATION_LEVEL = "-O";
				VALIDATE_PRODUCT = YES;
			};
			name = Release;
		};
		32766D3F2B00F52B00407847 /* Debug */ = {
			isa = XCBuildConfiguration;
			buildSettings = {
				ASSETCATALOG_COMPILER_APPICON_NAME = AppIcon;
				ASSETCATALOG_COMPILER_GLOBAL_ACCENT_COLOR_NAME = AccentColor;
				CODE_SIGN_STYLE = Automatic;
				CURRENT_PROJECT_VERSION = 1;
				DEVELOPMENT_ASSET_PATHS = "\"Aldebaran/Preview Content\"";
				DEVELOPMENT_TEAM = YN6MGUXLHK;
				ENABLE_PREVIEWS = YES;
				GENERATE_INFOPLIST_FILE = YES;
				INFOPLIST_KEY_UIApplicationSceneManifest_Generation = YES;
				INFOPLIST_KEY_UIApplicationSupportsIndirectInputEvents = YES;
				INFOPLIST_KEY_UILaunchScreen_Generation = YES;
				INFOPLIST_KEY_UISupportedInterfaceOrientations = UIInterfaceOrientationPortrait;
				INFOPLIST_KEY_UISupportedInterfaceOrientations_iPad = "UIInterfaceOrientationLandscapeLeft UIInterfaceOrientationLandscapeRight UIInterfaceOrientationPortrait UIInterfaceOrientationPortraitUpsideDown";
				LD_RUNPATH_SEARCH_PATHS = (
					"$(inherited)",
					"@executable_path/Frameworks",
				);
				MARKETING_VERSION = 1.0;
				PRODUCT_BUNDLE_IDENTIFIER = com.appsite.Aldebaran;
				PRODUCT_NAME = "$(TARGET_NAME)";
				SUPPORTED_PLATFORMS = "iphoneos iphonesimulator";
				SUPPORTS_MACCATALYST = NO;
				SUPPORTS_MAC_DESIGNED_FOR_IPHONE_IPAD = NO;
				SWIFT_EMIT_LOC_STRINGS = YES;
				SWIFT_VERSION = 5.0;
				TARGETED_DEVICE_FAMILY = 1;
			};
			name = Debug;
		};
		32766D402B00F52B00407847 /* Release */ = {
			isa = XCBuildConfiguration;
			buildSettings = {
				ASSETCATALOG_COMPILER_APPICON_NAME = AppIcon;
				ASSETCATALOG_COMPILER_GLOBAL_ACCENT_COLOR_NAME = AccentColor;
				CODE_SIGN_STYLE = Automatic;
				CURRENT_PROJECT_VERSION = 1;
				DEVELOPMENT_ASSET_PATHS = "\"Aldebaran/Preview Content\"";
				DEVELOPMENT_TEAM = YN6MGUXLHK;
				ENABLE_PREVIEWS = YES;
				GENERATE_INFOPLIST_FILE = YES;
				INFOPLIST_KEY_UIApplicationSceneManifest_Generation = YES;
				INFOPLIST_KEY_UIApplicationSupportsIndirectInputEvents = YES;
				INFOPLIST_KEY_UILaunchScreen_Generation = YES;
				INFOPLIST_KEY_UISupportedInterfaceOrientations = UIInterfaceOrientationPortrait;
				INFOPLIST_KEY_UISupportedInterfaceOrientations_iPad = "UIInterfaceOrientationLandscapeLeft UIInterfaceOrientationLandscapeRight UIInterfaceOrientationPortrait UIInterfaceOrientationPortraitUpsideDown";
				LD_RUNPATH_SEARCH_PATHS = (
					"$(inherited)",
					"@executable_path/Frameworks",
				);
				MARKETING_VERSION = 1.0;
				PRODUCT_BUNDLE_IDENTIFIER = com.appsite.Aldebaran;
				PRODUCT_NAME = "$(TARGET_NAME)";
				SUPPORTED_PLATFORMS = "iphoneos iphonesimulator";
				SUPPORTS_MACCATALYST = NO;
				SUPPORTS_MAC_DESIGNED_FOR_IPHONE_IPAD = NO;
				SWIFT_EMIT_LOC_STRINGS = YES;
				SWIFT_VERSION = 5.0;
				TARGETED_DEVICE_FAMILY = 1;
			};
			name = Release;
		};
/* End XCBuildConfiguration section */

/* Begin XCConfigurationList section */
		32766D2B2B00F52500407847 /* Build configuration list for PBXProject "Aldebaran" */ = {
			isa = XCConfigurationList;
			buildConfigurations = (
				32766D3C2B00F52B00407847 /* Debug */,
				32766D3D2B00F52B00407847 /* Release */,
			);
			defaultConfigurationIsVisible = 0;
			defaultConfigurationName = Release;
		};
		32766D3E2B00F52B00407847 /* Build configuration list for PBXNativeTarget "Aldebaran" */ = {
			isa = XCConfigurationList;
			buildConfigurations = (
				32766D3F2B00F52B00407847 /* Debug */,
				32766D402B00F52B00407847 /* Release */,
			);
			defaultConfigurationIsVisible = 0;
			defaultConfigurationName = Release;
		};
/* End XCConfigurationList section */
	};
	rootObject = 32766D282B00F52500407847 /* Project object */;
}
